
Microsoft Visual Studio Solution File, Format Version 12.00
# Visual Studio 14
VisualStudioVersion = 14.0.24627.0
MinimumVisualStudioVersion = 10.0.40219.1
Project("{FAE04EC0-301F-11D3-BF4B-00C04F79EFBC}") = "Autofac.Extras.ModuleDiscovery", "src\Autofac.Extras.ModuleDiscovery\Autofac.Extras.ModuleDiscovery.csproj", "{9A7929E1-1C15-4F01-BF20-37F7BFAC7F54}"
EndProject
Project("{FAE04EC0-301F-11D3-BF4B-00C04F79EFBC}") = "Test.AssemblyAReferencingB", "tests\Test.AssemblyAReferencingB\Test.AssemblyAReferencingB.csproj", "{1594F371-4433-47F2-9DB1-C80B77D1AFD7}"
EndProject
Project("{2150E333-8FDC-42A3-9474-1A3956D46DE8}") = "Tests", "Tests", "{9D22555D-2681-4066-B13D-524B6E903D7C}"
EndProject
Project("{2150E333-8FDC-42A3-9474-1A3956D46DE8}") = "Code", "Code", "{3659AF19-C9C7-4553-BBA6-307B3795843D}"
EndProject
Project("{FAE04EC0-301F-11D3-BF4B-00C04F79EFBC}") = "Autofac.Extras.ModuleDiscovery.Tests", "tests\Autofac.Extras.ModuleDiscovery.Tests\Autofac.Extras.ModuleDiscovery.Tests.csproj", "{015B83F2-A33C-4B3B-9AE8-E83B3A29FBE9}"
EndProject
Project("{FAE04EC0-301F-11D3-BF4B-00C04F79EFBC}") = "Test.AssemblyBReferencingC", "tests\Test.AssemblyBReferencingC\Test.AssemblyBReferencingC.csproj", "{A17C702B-3BB0-4C5D-955B-5598703B9054}"
EndProject
Project("{FAE04EC0-301F-11D3-BF4B-00C04F79EFBC}") = "Test.AssemblyC", "tests\Test.AssemblyC\Test.AssemblyC.csproj", "{ABD01C8F-76F2-4430-AE7C-65F3DA833CB7}"
EndProject
Project("{2150E333-8FDC-42A3-9474-1A3956D46DE8}") = "TestProject", "TestProject", "{8A250208-792D-41DC-82D6-459BD9F56F7D}"
EndProject
Global
	GlobalSection(SolutionConfigurationPlatforms) = preSolution
		Debug|Any CPU = Debug|Any CPU
		Release|Any CPU = Release|Any CPU
	EndGlobalSection
	GlobalSection(ProjectConfigurationPlatforms) = postSolution
		{9A7929E1-1C15-4F01-BF20-37F7BFAC7F54}.Debug|Any CPU.ActiveCfg = Debug|Any CPU
		{9A7929E1-1C15-4F01-BF20-37F7BFAC7F54}.Debug|Any CPU.Build.0 = Debug|Any CPU
		{9A7929E1-1C15-4F01-BF20-37F7BFAC7F54}.Release|Any CPU.ActiveCfg = Release|Any CPU
		{9A7929E1-1C15-4F01-BF20-37F7BFAC7F54}.Release|Any CPU.Build.0 = Release|Any CPU
		{1594F371-4433-47F2-9DB1-C80B77D1AFD7}.Debug|Any CPU.ActiveCfg = Debug|Any CPU
		{1594F371-4433-47F2-9DB1-C80B77D1AFD7}.Debug|Any CPU.Build.0 = Debug|Any CPU
		{1594F371-4433-47F2-9DB1-C80B77D1AFD7}.Release|Any CPU.ActiveCfg = Release|Any CPU
		{1594F371-4433-47F2-9DB1-C80B77D1AFD7}.Release|Any CPU.Build.0 = Release|Any CPU
		{015B83F2-A33C-4B3B-9AE8-E83B3A29FBE9}.Debug|Any CPU.ActiveCfg = Debug|Any CPU
		{015B83F2-A33C-4B3B-9AE8-E83B3A29FBE9}.Debug|Any CPU.Build.0 = Debug|Any CPU
		{015B83F2-A33C-4B3B-9AE8-E83B3A29FBE9}.Release|Any CPU.ActiveCfg = Release|Any CPU
		{015B83F2-A33C-4B3B-9AE8-E83B3A29FBE9}.Release|Any CPU.Build.0 = Release|Any CPU
		{A17C702B-3BB0-4C5D-955B-5598703B9054}.Debug|Any CPU.ActiveCfg = Debug|Any CPU
		{A17C702B-3BB0-4C5D-955B-5598703B9054}.Debug|Any CPU.Build.0 = Debug|Any CPU
		{A17C702B-3BB0-4C5D-955B-5598703B9054}.Release|Any CPU.ActiveCfg = Release|Any CPU
		{A17C702B-3BB0-4C5D-955B-5598703B9054}.Release|Any CPU.Build.0 = Release|Any CPU
		{ABD01C8F-76F2-4430-AE7C-65F3DA833CB7}.Debug|Any CPU.ActiveCfg = Debug|Any CPU
		{ABD01C8F-76F2-4430-AE7C-65F3DA833CB7}.Debug|Any CPU.Build.0 = Debug|Any CPU
		{ABD01C8F-76F2-4430-AE7C-65F3DA833CB7}.Release|Any CPU.ActiveCfg = Release|Any CPU
		{ABD01C8F-76F2-4430-AE7C-65F3DA833CB7}.Release|Any CPU.Build.0 = Release|Any CPU
	EndGlobalSection
	GlobalSection(SolutionProperties) = preSolution
		HideSolutionNode = FALSE
	EndGlobalSection
	GlobalSection(NestedProjects) = preSolution
		{9A7929E1-1C15-4F01-BF20-37F7BFAC7F54} = {3659AF19-C9C7-4553-BBA6-307B3795843D}
		{1594F371-4433-47F2-9DB1-C80B77D1AFD7} = {8A250208-792D-41DC-82D6-459BD9F56F7D}
		{015B83F2-A33C-4B3B-9AE8-E83B3A29FBE9} = {9D22555D-2681-4066-B13D-524B6E903D7C}
		{A17C702B-3BB0-4C5D-955B-5598703B9054} = {8A250208-792D-41DC-82D6-459BD9F56F7D}
		{ABD01C8F-76F2-4430-AE7C-65F3DA833CB7} = {8A250208-792D-41DC-82D6-459BD9F56F7D}
		{8A250208-792D-41DC-82D6-459BD9F56F7D} = {9D22555D-2681-4066-B13D-524B6E903D7C}
	EndGlobalSection
EndGlobal
